// !$*UTF8*$!
{
	archiveVersion = 1;
	classes = {
	};
	objectVersion = 56;
	objects = {

/* Begin PBXBuildFile section */
		EB5FC92A2C22A66F006DA6E7 /* ImagePreviewView.swift in Sources */ = {isa = PBXBuildFile; fileRef = EB5FC9292C22A66F006DA6E7 /* ImagePreviewView.swift */; };
		EB5FC92C2C22A680006DA6E7 /* ImagePreviewViewController.swift in Sources */ = {isa = PBXBuildFile; fileRef = EB5FC92B2C22A680006DA6E7 /* ImagePreviewViewController.swift */; };
		EB5FC92E2C22A68D006DA6E7 /* ImagePreviewModel.swift in Sources */ = {isa = PBXBuildFile; fileRef = EB5FC92D2C22A68D006DA6E7 /* ImagePreviewModel.swift */; };
		EB5FC9302C22A69A006DA6E7 /* ImagePreviewAssembly.swift in Sources */ = {isa = PBXBuildFile; fileRef = EB5FC92F2C22A69A006DA6E7 /* ImagePreviewAssembly.swift */; };
		EB927DC32C23371E000C882B /* CoreDataService.swift in Sources */ = {isa = PBXBuildFile; fileRef = EB927DC22C23371E000C882B /* CoreDataService.swift */; };
		EB927DD22C23556C000C882B /* ImageEntity+CoreDataClass.swift in Sources */ = {isa = PBXBuildFile; fileRef = EB927DD02C23556C000C882B /* ImageEntity+CoreDataClass.swift */; };
		EB927DD32C23556C000C882B /* ImageEntity+CoreDataProperties.swift in Sources */ = {isa = PBXBuildFile; fileRef = EB927DD12C23556C000C882B /* ImageEntity+CoreDataProperties.swift */; };
		EB927DD52C235970000C882B /* GalleryImageViewModel.swift in Sources */ = {isa = PBXBuildFile; fileRef = EB927DD42C235970000C882B /* GalleryImageViewModel.swift */; };
		EB927DDC2C240699000C882B /* ImagesGalleryAssembly.swift in Sources */ = {isa = PBXBuildFile; fileRef = EB927DDB2C240699000C882B /* ImagesGalleryAssembly.swift */; };
		EB927DDE2C240757000C882B /* ImagesGalleryViewController.swift in Sources */ = {isa = PBXBuildFile; fileRef = EB927DDD2C240757000C882B /* ImagesGalleryViewController.swift */; };
		EB927DE02C24076F000C882B /* ImagesGalleryView.swift in Sources */ = {isa = PBXBuildFile; fileRef = EB927DDF2C24076F000C882B /* ImagesGalleryView.swift */; };
		EB927DE22C240781000C882B /* ImagesGalleryInteractor.swift in Sources */ = {isa = PBXBuildFile; fileRef = EB927DE12C240781000C882B /* ImagesGalleryInteractor.swift */; };
		EB927DE42C24078F000C882B /* ImagesGalleryPresenter.swift in Sources */ = {isa = PBXBuildFile; fileRef = EB927DE32C24078F000C882B /* ImagesGalleryPresenter.swift */; };
		EB927DE62C24083D000C882B /* ImagesGalleryCell.swift in Sources */ = {isa = PBXBuildFile; fileRef = EB927DE52C24083D000C882B /* ImagesGalleryCell.swift */; };
		EBA533F82C2142AE00C4093A /* AppDelegate.swift in Sources */ = {isa = PBXBuildFile; fileRef = EBA533F72C2142AE00C4093A /* AppDelegate.swift */; };
		EBA533FA2C2142AE00C4093A /* SceneDelegate.swift in Sources */ = {isa = PBXBuildFile; fileRef = EBA533F92C2142AE00C4093A /* SceneDelegate.swift */; };
		EBA534022C2142AE00C4093A /* ImageSearchApp.xcdatamodeld in Sources */ = {isa = PBXBuildFile; fileRef = EBA534002C2142AE00C4093A /* ImageSearchApp.xcdatamodeld */; };
		EBA534042C2142AF00C4093A /* Assets.xcassets in Resources */ = {isa = PBXBuildFile; fileRef = EBA534032C2142AF00C4093A /* Assets.xcassets */; };
		EBA534072C2142AF00C4093A /* Base in Resources */ = {isa = PBXBuildFile; fileRef = EBA534062C2142AF00C4093A /* Base */; };
		EBA534202C21463100C4093A /* CommonError.swift in Sources */ = {isa = PBXBuildFile; fileRef = EBA5341F2C21463100C4093A /* CommonError.swift */; };
		EBA534232C21467000C4093A /* ImageSearchViewController.swift in Sources */ = {isa = PBXBuildFile; fileRef = EBA534222C21467000C4093A /* ImageSearchViewController.swift */; };
		EBA534252C2146A500C4093A /* ImageSearchView.swift in Sources */ = {isa = PBXBuildFile; fileRef = EBA534242C2146A500C4093A /* ImageSearchView.swift */; };
		EBA534272C2146C500C4093A /* SearchResultCell.swift in Sources */ = {isa = PBXBuildFile; fileRef = EBA534262C2146C500C4093A /* SearchResultCell.swift */; };
		EBA534292C21471000C4093A /* ImageSearchInteractor.swift in Sources */ = {isa = PBXBuildFile; fileRef = EBA534282C21471000C4093A /* ImageSearchInteractor.swift */; };
		EBA5342B2C21473E00C4093A /* ImageSearchPresenter.swift in Sources */ = {isa = PBXBuildFile; fileRef = EBA5342A2C21473E00C4093A /* ImageSearchPresenter.swift */; };
		EBA5342D2C21476000C4093A /* SearchResultImageViewModel.swift in Sources */ = {isa = PBXBuildFile; fileRef = EBA5342C2C21476000C4093A /* SearchResultImageViewModel.swift */; };
		EBA5342F2C21479000C4093A /* ImageSearchRouter.swift in Sources */ = {isa = PBXBuildFile; fileRef = EBA5342E2C21479000C4093A /* ImageSearchRouter.swift */; };
		EBA534322C2147DE00C4093A /* DownloadItem.swift in Sources */ = {isa = PBXBuildFile; fileRef = EBA534312C2147DE00C4093A /* DownloadItem.swift */; };
		EBA534342C2147F500C4093A /* DownloadService.swift in Sources */ = {isa = PBXBuildFile; fileRef = EBA534332C2147F500C4093A /* DownloadService.swift */; };
		EBA534362C21481700C4093A /* NetworkService.swift in Sources */ = {isa = PBXBuildFile; fileRef = EBA534352C21481700C4093A /* NetworkService.swift */; };
		EBA534382C21483B00C4093A /* APIResponse.swift in Sources */ = {isa = PBXBuildFile; fileRef = EBA534372C21483B00C4093A /* APIResponse.swift */; };
		EBA5343A2C21485000C4093A /* NetworkError.swift in Sources */ = {isa = PBXBuildFile; fileRef = EBA534392C21485000C4093A /* NetworkError.swift */; };
		EBA5343C2C21487A00C4093A /* Notifier.swift in Sources */ = {isa = PBXBuildFile; fileRef = EBA5343B2C21487A00C4093A /* Notifier.swift */; };
		EBA534422C214B5400C4093A /* ImageSearchAssembly.swift in Sources */ = {isa = PBXBuildFile; fileRef = EBA534412C214B5400C4093A /* ImageSearchAssembly.swift */; };
		EBA534452C21709900C4093A /* TabBarController.swift in Sources */ = {isa = PBXBuildFile; fileRef = EBA534442C21709900C4093A /* TabBarController.swift */; };
/* End PBXBuildFile section */

/* Begin PBXFileReference section */
		EB5FC9292C22A66F006DA6E7 /* ImagePreviewView.swift */ = {isa = PBXFileReference; lastKnownFileType = sourcecode.swift; path = ImagePreviewView.swift; sourceTree = "<group>"; };
		EB5FC92B2C22A680006DA6E7 /* ImagePreviewViewController.swift */ = {isa = PBXFileReference; lastKnownFileType = sourcecode.swift; path = ImagePreviewViewController.swift; sourceTree = "<group>"; };
		EB5FC92D2C22A68D006DA6E7 /* ImagePreviewModel.swift */ = {isa = PBXFileReference; lastKnownFileType = sourcecode.swift; path = ImagePreviewModel.swift; sourceTree = "<group>"; };
		EB5FC92F2C22A69A006DA6E7 /* ImagePreviewAssembly.swift */ = {isa = PBXFileReference; lastKnownFileType = sourcecode.swift; path = ImagePreviewAssembly.swift; sourceTree = "<group>"; };
		EB927DC22C23371E000C882B /* CoreDataService.swift */ = {isa = PBXFileReference; lastKnownFileType = sourcecode.swift; path = CoreDataService.swift; sourceTree = "<group>"; };
		EB927DD02C23556C000C882B /* ImageEntity+CoreDataClass.swift */ = {isa = PBXFileReference; lastKnownFileType = sourcecode.swift; path = "ImageEntity+CoreDataClass.swift"; sourceTree = "<group>"; };
		EB927DD12C23556C000C882B /* ImageEntity+CoreDataProperties.swift */ = {isa = PBXFileReference; lastKnownFileType = sourcecode.swift; path = "ImageEntity+CoreDataProperties.swift"; sourceTree = "<group>"; };
		EB927DD42C235970000C882B /* GalleryImageViewModel.swift */ = {isa = PBXFileReference; lastKnownFileType = sourcecode.swift; path = GalleryImageViewModel.swift; sourceTree = "<group>"; };
		EB927DDB2C240699000C882B /* ImagesGalleryAssembly.swift */ = {isa = PBXFileReference; lastKnownFileType = sourcecode.swift; path = ImagesGalleryAssembly.swift; sourceTree = "<group>"; };
		EB927DDD2C240757000C882B /* ImagesGalleryViewController.swift */ = {isa = PBXFileReference; lastKnownFileType = sourcecode.swift; path = ImagesGalleryViewController.swift; sourceTree = "<group>"; };
		EB927DDF2C24076F000C882B /* ImagesGalleryView.swift */ = {isa = PBXFileReference; lastKnownFileType = sourcecode.swift; path = ImagesGalleryView.swift; sourceTree = "<group>"; };
		EB927DE12C240781000C882B /* ImagesGalleryInteractor.swift */ = {isa = PBXFileReference; lastKnownFileType = sourcecode.swift; path = ImagesGalleryInteractor.swift; sourceTree = "<group>"; };
		EB927DE32C24078F000C882B /* ImagesGalleryPresenter.swift */ = {isa = PBXFileReference; lastKnownFileType = sourcecode.swift; path = ImagesGalleryPresenter.swift; sourceTree = "<group>"; };
		EB927DE52C24083D000C882B /* ImagesGalleryCell.swift */ = {isa = PBXFileReference; lastKnownFileType = sourcecode.swift; path = ImagesGalleryCell.swift; sourceTree = "<group>"; };
		EBA533F42C2142AE00C4093A /* ImageSearchApp.app */ = {isa = PBXFileReference; explicitFileType = wrapper.application; includeInIndex = 0; path = ImageSearchApp.app; sourceTree = BUILT_PRODUCTS_DIR; };
		EBA533F72C2142AE00C4093A /* AppDelegate.swift */ = {isa = PBXFileReference; lastKnownFileType = sourcecode.swift; path = AppDelegate.swift; sourceTree = "<group>"; };
		EBA533F92C2142AE00C4093A /* SceneDelegate.swift */ = {isa = PBXFileReference; lastKnownFileType = sourcecode.swift; path = SceneDelegate.swift; sourceTree = "<group>"; };
		EBA534012C2142AE00C4093A /* ImageSearchApp.xcdatamodel */ = {isa = PBXFileReference; lastKnownFileType = wrapper.xcdatamodel; path = ImageSearchApp.xcdatamodel; sourceTree = "<group>"; };
		EBA534032C2142AF00C4093A /* Assets.xcassets */ = {isa = PBXFileReference; lastKnownFileType = folder.assetcatalog; path = Assets.xcassets; sourceTree = "<group>"; };
		EBA534062C2142AF00C4093A /* Base */ = {isa = PBXFileReference; lastKnownFileType = file.storyboard; name = Base; path = Base.lproj/LaunchScreen.storyboard; sourceTree = "<group>"; };
		EBA534082C2142AF00C4093A /* Info.plist */ = {isa = PBXFileReference; lastKnownFileType = text.plist.xml; path = Info.plist; sourceTree = "<group>"; };
		EBA5341F2C21463100C4093A /* CommonError.swift */ = {isa = PBXFileReference; lastKnownFileType = sourcecode.swift; path = CommonError.swift; sourceTree = "<group>"; };
		EBA534222C21467000C4093A /* ImageSearchViewController.swift */ = {isa = PBXFileReference; lastKnownFileType = sourcecode.swift; path = ImageSearchViewController.swift; sourceTree = "<group>"; };
		EBA534242C2146A500C4093A /* ImageSearchView.swift */ = {isa = PBXFileReference; lastKnownFileType = sourcecode.swift; path = ImageSearchView.swift; sourceTree = "<group>"; };
		EBA534262C2146C500C4093A /* SearchResultCell.swift */ = {isa = PBXFileReference; lastKnownFileType = sourcecode.swift; path = SearchResultCell.swift; sourceTree = "<group>"; };
		EBA534282C21471000C4093A /* ImageSearchInteractor.swift */ = {isa = PBXFileReference; lastKnownFileType = sourcecode.swift; path = ImageSearchInteractor.swift; sourceTree = "<group>"; };
		EBA5342A2C21473E00C4093A /* ImageSearchPresenter.swift */ = {isa = PBXFileReference; lastKnownFileType = sourcecode.swift; path = ImageSearchPresenter.swift; sourceTree = "<group>"; };
		EBA5342C2C21476000C4093A /* SearchResultImageViewModel.swift */ = {isa = PBXFileReference; lastKnownFileType = sourcecode.swift; path = SearchResultImageViewModel.swift; sourceTree = "<group>"; };
		EBA5342E2C21479000C4093A /* ImageSearchRouter.swift */ = {isa = PBXFileReference; lastKnownFileType = sourcecode.swift; path = ImageSearchRouter.swift; sourceTree = "<group>"; };
		EBA534312C2147DE00C4093A /* DownloadItem.swift */ = {isa = PBXFileReference; lastKnownFileType = sourcecode.swift; path = DownloadItem.swift; sourceTree = "<group>"; };
		EBA534332C2147F500C4093A /* DownloadService.swift */ = {isa = PBXFileReference; lastKnownFileType = sourcecode.swift; path = DownloadService.swift; sourceTree = "<group>"; };
		EBA534352C21481700C4093A /* NetworkService.swift */ = {isa = PBXFileReference; lastKnownFileType = sourcecode.swift; path = NetworkService.swift; sourceTree = "<group>"; };
		EBA534372C21483B00C4093A /* APIResponse.swift */ = {isa = PBXFileReference; lastKnownFileType = sourcecode.swift; path = APIResponse.swift; sourceTree = "<group>"; };
		EBA534392C21485000C4093A /* NetworkError.swift */ = {isa = PBXFileReference; lastKnownFileType = sourcecode.swift; path = NetworkError.swift; sourceTree = "<group>"; };
		EBA5343B2C21487A00C4093A /* Notifier.swift */ = {isa = PBXFileReference; lastKnownFileType = sourcecode.swift; path = Notifier.swift; sourceTree = "<group>"; };
		EBA534412C214B5400C4093A /* ImageSearchAssembly.swift */ = {isa = PBXFileReference; lastKnownFileType = sourcecode.swift; path = ImageSearchAssembly.swift; sourceTree = "<group>"; };
		EBA534442C21709900C4093A /* TabBarController.swift */ = {isa = PBXFileReference; lastKnownFileType = sourcecode.swift; path = TabBarController.swift; sourceTree = "<group>"; };
/* End PBXFileReference section */

/* Begin PBXFrameworksBuildPhase section */
		EBA533F12C2142AE00C4093A /* Frameworks */ = {
			isa = PBXFrameworksBuildPhase;
			buildActionMask = 2147483647;
			files = (
			);
			runOnlyForDeploymentPostprocessing = 0;
		};
/* End PBXFrameworksBuildPhase section */

/* Begin PBXGroup section */
		EB5FC9312C22A69F006DA6E7 /* View */ = {
			isa = PBXGroup;
			children = (
				EB5FC9292C22A66F006DA6E7 /* ImagePreviewView.swift */,
				EB5FC92B2C22A680006DA6E7 /* ImagePreviewViewController.swift */,
			);
			path = View;
			sourceTree = "<group>";
		};
		EB5FC9342C22A6C2006DA6E7 /* Assembly */ = {
			isa = PBXGroup;
			children = (
				EB5FC92F2C22A69A006DA6E7 /* ImagePreviewAssembly.swift */,
			);
			path = Assembly;
			sourceTree = "<group>";
		};
		EB5FC9372C22A6F0006DA6E7 /* Model */ = {
			isa = PBXGroup;
			children = (
				EB5FC92D2C22A68D006DA6E7 /* ImagePreviewModel.swift */,
			);
			path = Model;
			sourceTree = "<group>";
		};
		EB927DC12C2336F8000C882B /* Storage */ = {
			isa = PBXGroup;
			children = (
				EBA534112C2143C900C4093A /* CoreData */,
				EB927DC22C23371E000C882B /* CoreDataService.swift */,
			);
			path = Storage;
			sourceTree = "<group>";
		};
		EB927DD62C240403000C882B /* Entities */ = {
			isa = PBXGroup;
			children = (
				EB927DD42C235970000C882B /* GalleryImageViewModel.swift */,
			);
			path = Entities;
			sourceTree = "<group>";
		};
		EB927DD72C24040C000C882B /* View */ = {
			isa = PBXGroup;
			children = (
				EB927DDD2C240757000C882B /* ImagesGalleryViewController.swift */,
				EB927DDF2C24076F000C882B /* ImagesGalleryView.swift */,
				EB927DE52C24083D000C882B /* ImagesGalleryCell.swift */,
			);
			path = View;
			sourceTree = "<group>";
		};
		EB927DD82C240411000C882B /* Assembly */ = {
			isa = PBXGroup;
			children = (
				EB927DDB2C240699000C882B /* ImagesGalleryAssembly.swift */,
			);
			path = Assembly;
			sourceTree = "<group>";
		};
		EB927DD92C24041C000C882B /* Presenter */ = {
			isa = PBXGroup;
			children = (
				EB927DE32C24078F000C882B /* ImagesGalleryPresenter.swift */,
			);
			path = Presenter;
			sourceTree = "<group>";
		};
		EB927DDA2C240422000C882B /* Interactor */ = {
			isa = PBXGroup;
			children = (
				EB927DE12C240781000C882B /* ImagesGalleryInteractor.swift */,
			);
			path = Interactor;
			sourceTree = "<group>";
		};
		EBA533EB2C2142AE00C4093A = {
			isa = PBXGroup;
			children = (
				EBA533F62C2142AE00C4093A /* ImageSearchApp */,
				EBA533F52C2142AE00C4093A /* Products */,
			);
			sourceTree = "<group>";
		};
		EBA533F52C2142AE00C4093A /* Products */ = {
			isa = PBXGroup;
			children = (
				EBA533F42C2142AE00C4093A /* ImageSearchApp.app */,
			);
			name = Products;
			sourceTree = "<group>";
		};
		EBA533F62C2142AE00C4093A /* ImageSearchApp */ = {
			isa = PBXGroup;
			children = (
				EB927DC12C2336F8000C882B /* Storage */,
				EBA534432C21708800C4093A /* Navigation */,
				EBA5340E2C21439C00C4093A /* App */,
				EBA534302C2147C700C4093A /* Network */,
				EBA5341E2C21461E00C4093A /* Errors */,
				EBA5340F2C2143AF00C4093A /* Scenes */,
				EBA534082C2142AF00C4093A /* Info.plist */,
			);
			path = ImageSearchApp;
			sourceTree = "<group>";
		};
		EBA5340E2C21439C00C4093A /* App */ = {
			isa = PBXGroup;
			children = (
				EBA534032C2142AF00C4093A /* Assets.xcassets */,
				EBA534052C2142AF00C4093A /* LaunchScreen.storyboard */,
				EBA533F72C2142AE00C4093A /* AppDelegate.swift */,
				EBA533F92C2142AE00C4093A /* SceneDelegate.swift */,
			);
			path = App;
			sourceTree = "<group>";
		};
		EBA5340F2C2143AF00C4093A /* Scenes */ = {
			isa = PBXGroup;
			children = (
				EBA5341B2C21451000C4093A /* ImageSearch */,
				EBA5341D2C21452E00C4093A /* ImagePreview */,
				EBA5341C2C21452000C4093A /* ImagesGallery */,
			);
			path = Scenes;
			sourceTree = "<group>";
		};
		EBA534112C2143C900C4093A /* CoreData */ = {
			isa = PBXGroup;
			children = (
				EB927DD02C23556C000C882B /* ImageEntity+CoreDataClass.swift */,
				EB927DD12C23556C000C882B /* ImageEntity+CoreDataProperties.swift */,
				EBA534002C2142AE00C4093A /* ImageSearchApp.xcdatamodeld */,
			);
			path = CoreData;
			sourceTree = "<group>";
		};
		EBA5341B2C21451000C4093A /* ImageSearch */ = {
			isa = PBXGroup;
			children = (
				EBA534462C217EFF00C4093A /* Assembly */,
				EBA534212C21465A00C4093A /* View */,
				EBA5343D2C214ADF00C4093A /* Interactor */,
				EBA5343E2C214AEE00C4093A /* Presenter */,
				EBA534402C214B0200C4093A /* Entities */,
				EBA5343F2C214AFB00C4093A /* Router */,
			);
			path = ImageSearch;
			sourceTree = "<group>";
		};
		EBA5341C2C21452000C4093A /* ImagesGallery */ = {
			isa = PBXGroup;
			children = (
				EB927DD82C240411000C882B /* Assembly */,
				EB927DD72C24040C000C882B /* View */,
				EB927DDA2C240422000C882B /* Interactor */,
				EB927DD92C24041C000C882B /* Presenter */,
				EB927DD62C240403000C882B /* Entities */,
			);
			path = ImagesGallery;
			sourceTree = "<group>";
		};
		EBA5341D2C21452E00C4093A /* ImagePreview */ = {
			isa = PBXGroup;
			children = (
				EB5FC9342C22A6C2006DA6E7 /* Assembly */,
				EB5FC9312C22A69F006DA6E7 /* View */,
				EB5FC9372C22A6F0006DA6E7 /* Model */,
			);
			path = ImagePreview;
			sourceTree = "<group>";
		};
		EBA5341E2C21461E00C4093A /* Errors */ = {
			isa = PBXGroup;
			children = (
				EBA534392C21485000C4093A /* NetworkError.swift */,
				EBA5341F2C21463100C4093A /* CommonError.swift */,
				EBA5343B2C21487A00C4093A /* Notifier.swift */,
			);
			path = Errors;
			sourceTree = "<group>";
		};
		EBA534212C21465A00C4093A /* View */ = {
			isa = PBXGroup;
			children = (
				EBA534222C21467000C4093A /* ImageSearchViewController.swift */,
				EBA534242C2146A500C4093A /* ImageSearchView.swift */,
				EBA534262C2146C500C4093A /* SearchResultCell.swift */,
			);
			path = View;
			sourceTree = "<group>";
		};
		EBA534302C2147C700C4093A /* Network */ = {
			isa = PBXGroup;
			children = (
				EBA534312C2147DE00C4093A /* DownloadItem.swift */,
				EBA534332C2147F500C4093A /* DownloadService.swift */,
				EBA534352C21481700C4093A /* NetworkService.swift */,
				EBA534372C21483B00C4093A /* APIResponse.swift */,
			);
			path = Network;
			sourceTree = "<group>";
		};
		EBA5343D2C214ADF00C4093A /* Interactor */ = {
			isa = PBXGroup;
			children = (
				EBA534282C21471000C4093A /* ImageSearchInteractor.swift */,
			);
			path = Interactor;
			sourceTree = "<group>";
		};
		EBA5343E2C214AEE00C4093A /* Presenter */ = {
			isa = PBXGroup;
			children = (
				EBA5342A2C21473E00C4093A /* ImageSearchPresenter.swift */,
			);
			path = Presenter;
			sourceTree = "<group>";
		};
		EBA5343F2C214AFB00C4093A /* Router */ = {
			isa = PBXGroup;
			children = (
				EBA5342E2C21479000C4093A /* ImageSearchRouter.swift */,
			);
			path = Router;
			sourceTree = "<group>";
		};
		EBA534402C214B0200C4093A /* Entities */ = {
			isa = PBXGroup;
			children = (
				EBA5342C2C21476000C4093A /* SearchResultImageViewModel.swift */,
			);
			path = Entities;
			sourceTree = "<group>";
		};
		EBA534432C21708800C4093A /* Navigation */ = {
			isa = PBXGroup;
			children = (
				EBA534442C21709900C4093A /* TabBarController.swift */,
			);
			path = Navigation;
			sourceTree = "<group>";
		};
		EBA534462C217EFF00C4093A /* Assembly */ = {
			isa = PBXGroup;
			children = (
				EBA534412C214B5400C4093A /* ImageSearchAssembly.swift */,
			);
			path = Assembly;
			sourceTree = "<group>";
		};
/* End PBXGroup section */

/* Begin PBXNativeTarget section */
		EBA533F32C2142AE00C4093A /* ImageSearchApp */ = {
			isa = PBXNativeTarget;
			buildConfigurationList = EBA5340B2C2142AF00C4093A /* Build configuration list for PBXNativeTarget "ImageSearchApp" */;
			buildPhases = (
				EBA533F02C2142AE00C4093A /* Sources */,
				EBA533F12C2142AE00C4093A /* Frameworks */,
				EBA533F22C2142AE00C4093A /* Resources */,
			);
			buildRules = (
			);
			dependencies = (
			);
			name = ImageSearchApp;
			productName = ImageSearchApp;
			productReference = EBA533F42C2142AE00C4093A /* ImageSearchApp.app */;
			productType = "com.apple.product-type.application";
		};
/* End PBXNativeTarget section */

/* Begin PBXProject section */
		EBA533EC2C2142AE00C4093A /* Project object */ = {
			isa = PBXProject;
			attributes = {
				BuildIndependentTargetsInParallel = 1;
				LastSwiftUpdateCheck = 1540;
				LastUpgradeCheck = 1540;
				TargetAttributes = {
					EBA533F32C2142AE00C4093A = {
						CreatedOnToolsVersion = 15.4;
					};
				};
			};
			buildConfigurationList = EBA533EF2C2142AE00C4093A /* Build configuration list for PBXProject "ImageSearchApp" */;
			compatibilityVersion = "Xcode 14.0";
			developmentRegion = en;
			hasScannedForEncodings = 0;
			knownRegions = (
				en,
				Base,
			);
			mainGroup = EBA533EB2C2142AE00C4093A;
			productRefGroup = EBA533F52C2142AE00C4093A /* Products */;
			projectDirPath = "";
			projectRoot = "";
			targets = (
				EBA533F32C2142AE00C4093A /* ImageSearchApp */,
			);
		};
/* End PBXProject section */

/* Begin PBXResourcesBuildPhase section */
		EBA533F22C2142AE00C4093A /* Resources */ = {
			isa = PBXResourcesBuildPhase;
			buildActionMask = 2147483647;
			files = (
				EBA534042C2142AF00C4093A /* Assets.xcassets in Resources */,
				EBA534072C2142AF00C4093A /* Base in Resources */,
			);
			runOnlyForDeploymentPostprocessing = 0;
		};
/* End PBXResourcesBuildPhase section */

/* Begin PBXSourcesBuildPhase section */
		EBA533F02C2142AE00C4093A /* Sources */ = {
			isa = PBXSourcesBuildPhase;
			buildActionMask = 2147483647;
			files = (
				EB927DDC2C240699000C882B /* ImagesGalleryAssembly.swift in Sources */,
				EBA534272C2146C500C4093A /* SearchResultCell.swift in Sources */,
				EB5FC92A2C22A66F006DA6E7 /* ImagePreviewView.swift in Sources */,
				EBA5343A2C21485000C4093A /* NetworkError.swift in Sources */,
				EBA534022C2142AE00C4093A /* ImageSearchApp.xcdatamodeld in Sources */,
				EBA5342B2C21473E00C4093A /* ImageSearchPresenter.swift in Sources */,
				EBA534292C21471000C4093A /* ImageSearchInteractor.swift in Sources */,
				EBA534232C21467000C4093A /* ImageSearchViewController.swift in Sources */,
				EB927DD52C235970000C882B /* GalleryImageViewModel.swift in Sources */,
				EB927DDE2C240757000C882B /* ImagesGalleryViewController.swift in Sources */,
				EB927DE22C240781000C882B /* ImagesGalleryInteractor.swift in Sources */,
				EBA5342F2C21479000C4093A /* ImageSearchRouter.swift in Sources */,
				EBA534362C21481700C4093A /* NetworkService.swift in Sources */,
				EBA5343C2C21487A00C4093A /* Notifier.swift in Sources */,
				EBA534422C214B5400C4093A /* ImageSearchAssembly.swift in Sources */,
				EBA534452C21709900C4093A /* TabBarController.swift in Sources */,
				EBA534252C2146A500C4093A /* ImageSearchView.swift in Sources */,
				EBA534382C21483B00C4093A /* APIResponse.swift in Sources */,
				EBA533F82C2142AE00C4093A /* AppDelegate.swift in Sources */,
				EB927DC32C23371E000C882B /* CoreDataService.swift in Sources */,
				EBA534322C2147DE00C4093A /* DownloadItem.swift in Sources */,
				EB927DE42C24078F000C882B /* ImagesGalleryPresenter.swift in Sources */,
				EB5FC92E2C22A68D006DA6E7 /* ImagePreviewModel.swift in Sources */,
				EB927DE02C24076F000C882B /* ImagesGalleryView.swift in Sources */,
				EB5FC92C2C22A680006DA6E7 /* ImagePreviewViewController.swift in Sources */,
				EB927DD22C23556C000C882B /* ImageEntity+CoreDataClass.swift in Sources */,
				EB927DD32C23556C000C882B /* ImageEntity+CoreDataProperties.swift in Sources */,
				EB927DE62C24083D000C882B /* ImagesGalleryCell.swift in Sources */,
				EBA534342C2147F500C4093A /* DownloadService.swift in Sources */,
				EBA533FA2C2142AE00C4093A /* SceneDelegate.swift in Sources */,
				EB5FC9302C22A69A006DA6E7 /* ImagePreviewAssembly.swift in Sources */,
				EBA5342D2C21476000C4093A /* SearchResultImageViewModel.swift in Sources */,
				EBA534202C21463100C4093A /* CommonError.swift in Sources */,
			);
			runOnlyForDeploymentPostprocessing = 0;
		};
/* End PBXSourcesBuildPhase section */

/* Begin PBXVariantGroup section */
		EBA534052C2142AF00C4093A /* LaunchScreen.storyboard */ = {
			isa = PBXVariantGroup;
			children = (
				EBA534062C2142AF00C4093A /* Base */,
			);
			name = LaunchScreen.storyboard;
			sourceTree = "<group>";
		};
/* End PBXVariantGroup section */

/* Begin XCBuildConfiguration section */
		EBA534092C2142AF00C4093A /* Debug */ = {
			isa = XCBuildConfiguration;
			buildSettings = {
				ALWAYS_SEARCH_USER_PATHS = NO;
				ASSETCATALOG_COMPILER_GENERATE_SWIFT_ASSET_SYMBOL_EXTENSIONS = YES;
				CLANG_ANALYZER_NONNULL = YES;
				CLANG_ANALYZER_NUMBER_OBJECT_CONVERSION = YES_AGGRESSIVE;
				CLANG_CXX_LANGUAGE_STANDARD = "gnu++20";
				CLANG_ENABLE_MODULES = YES;
				CLANG_ENABLE_OBJC_ARC = YES;
				CLANG_ENABLE_OBJC_WEAK = YES;
				CLANG_WARN_BLOCK_CAPTURE_AUTORELEASING = YES;
				CLANG_WARN_BOOL_CONVERSION = YES;
				CLANG_WARN_COMMA = YES;
				CLANG_WARN_CONSTANT_CONVERSION = YES;
				CLANG_WARN_DEPRECATED_OBJC_IMPLEMENTATIONS = YES;
				CLANG_WARN_DIRECT_OBJC_ISA_USAGE = YES_ERROR;
				CLANG_WARN_DOCUMENTATION_COMMENTS = YES;
				CLANG_WARN_EMPTY_BODY = YES;
				CLANG_WARN_ENUM_CONVERSION = YES;
				CLANG_WARN_INFINITE_RECURSION = YES;
				CLANG_WARN_INT_CONVERSION = YES;
				CLANG_WARN_NON_LITERAL_NULL_CONVERSION = YES;
				CLANG_WARN_OBJC_IMPLICIT_RETAIN_SELF = YES;
				CLANG_WARN_OBJC_LITERAL_CONVERSION = YES;
				CLANG_WARN_OBJC_ROOT_CLASS = YES_ERROR;
				CLANG_WARN_QUOTED_INCLUDE_IN_FRAMEWORK_HEADER = YES;
				CLANG_WARN_RANGE_LOOP_ANALYSIS = YES;
				CLANG_WARN_STRICT_PROTOTYPES = YES;
				CLANG_WARN_SUSPICIOUS_MOVE = YES;
				CLANG_WARN_UNGUARDED_AVAILABILITY = YES_AGGRESSIVE;
				CLANG_WARN_UNREACHABLE_CODE = YES;
				CLANG_WARN__DUPLICATE_METHOD_MATCH = YES;
				COPY_PHASE_STRIP = NO;
				DEBUG_INFORMATION_FORMAT = dwarf;
				ENABLE_STRICT_OBJC_MSGSEND = YES;
				ENABLE_TESTABILITY = YES;
				ENABLE_USER_SCRIPT_SANDBOXING = YES;
				GCC_C_LANGUAGE_STANDARD = gnu17;
				GCC_DYNAMIC_NO_PIC = NO;
				GCC_NO_COMMON_BLOCKS = YES;
				GCC_OPTIMIZATION_LEVEL = 0;
				GCC_PREPROCESSOR_DEFINITIONS = (
					"DEBUG=1",
					"$(inherited)",
				);
				GCC_WARN_64_TO_32_BIT_CONVERSION = YES;
				GCC_WARN_ABOUT_RETURN_TYPE = YES_ERROR;
				GCC_WARN_UNDECLARED_SELECTOR = YES;
				GCC_WARN_UNINITIALIZED_AUTOS = YES_AGGRESSIVE;
				GCC_WARN_UNUSED_FUNCTION = YES;
				GCC_WARN_UNUSED_VARIABLE = YES;
				IPHONEOS_DEPLOYMENT_TARGET = 17.5;
				LOCALIZATION_PREFERS_STRING_CATALOGS = YES;
				MTL_ENABLE_DEBUG_INFO = INCLUDE_SOURCE;
				MTL_FAST_MATH = YES;
				ONLY_ACTIVE_ARCH = YES;
				SDKROOT = iphoneos;
				SWIFT_ACTIVE_COMPILATION_CONDITIONS = "DEBUG $(inherited)";
				SWIFT_OPTIMIZATION_LEVEL = "-Onone";
			};
			name = Debug;
		};
		EBA5340A2C2142AF00C4093A /* Release */ = {
			isa = XCBuildConfiguration;
			buildSettings = {
				ALWAYS_SEARCH_USER_PATHS = NO;
				ASSETCATALOG_COMPILER_GENERATE_SWIFT_ASSET_SYMBOL_EXTENSIONS = YES;
				CLANG_ANALYZER_NONNULL = YES;
				CLANG_ANALYZER_NUMBER_OBJECT_CONVERSION = YES_AGGRESSIVE;
				CLANG_CXX_LANGUAGE_STANDARD = "gnu++20";
				CLANG_ENABLE_MODULES = YES;
				CLANG_ENABLE_OBJC_ARC = YES;
				CLANG_ENABLE_OBJC_WEAK = YES;
				CLANG_WARN_BLOCK_CAPTURE_AUTORELEASING = YES;
				CLANG_WARN_BOOL_CONVERSION = YES;
				CLANG_WARN_COMMA = YES;
				CLANG_WARN_CONSTANT_CONVERSION = YES;
				CLANG_WARN_DEPRECATED_OBJC_IMPLEMENTATIONS = YES;
				CLANG_WARN_DIRECT_OBJC_ISA_USAGE = YES_ERROR;
				CLANG_WARN_DOCUMENTATION_COMMENTS = YES;
				CLANG_WARN_EMPTY_BODY = YES;
				CLANG_WARN_ENUM_CONVERSION = YES;
				CLANG_WARN_INFINITE_RECURSION = YES;
				CLANG_WARN_INT_CONVERSION = YES;
				CLANG_WARN_NON_LITERAL_NULL_CONVERSION = YES;
				CLANG_WARN_OBJC_IMPLICIT_RETAIN_SELF = YES;
				CLANG_WARN_OBJC_LITERAL_CONVERSION = YES;
				CLANG_WARN_OBJC_ROOT_CLASS = YES_ERROR;
				CLANG_WARN_QUOTED_INCLUDE_IN_FRAMEWORK_HEADER = YES;
				CLANG_WARN_RANGE_LOOP_ANALYSIS = YES;
				CLANG_WARN_STRICT_PROTOTYPES = YES;
				CLANG_WARN_SUSPICIOUS_MOVE = YES;
				CLANG_WARN_UNGUARDED_AVAILABILITY = YES_AGGRESSIVE;
				CLANG_WARN_UNREACHABLE_CODE = YES;
				CLANG_WARN__DUPLICATE_METHOD_MATCH = YES;
				COPY_PHASE_STRIP = NO;
				DEBUG_INFORMATION_FORMAT = "dwarf-with-dsym";
				ENABLE_NS_ASSERTIONS = NO;
				ENABLE_STRICT_OBJC_MSGSEND = YES;
				ENABLE_USER_SCRIPT_SANDBOXING = YES;
				GCC_C_LANGUAGE_STANDARD = gnu17;
				GCC_NO_COMMON_BLOCKS = YES;
				GCC_WARN_64_TO_32_BIT_CONVERSION = YES;
				GCC_WARN_ABOUT_RETURN_TYPE = YES_ERROR;
				GCC_WARN_UNDECLARED_SELECTOR = YES;
				GCC_WARN_UNINITIALIZED_AUTOS = YES_AGGRESSIVE;
				GCC_WARN_UNUSED_FUNCTION = YES;
				GCC_WARN_UNUSED_VARIABLE = YES;
				IPHONEOS_DEPLOYMENT_TARGET = 17.5;
				LOCALIZATION_PREFERS_STRING_CATALOGS = YES;
				MTL_ENABLE_DEBUG_INFO = NO;
				MTL_FAST_MATH = YES;
				SDKROOT = iphoneos;
				SWIFT_COMPILATION_MODE = wholemodule;
				VALIDATE_PRODUCT = YES;
			};
			name = Release;
		};
		EBA5340C2C2142AF00C4093A /* Debug */ = {
			isa = XCBuildConfiguration;
			buildSettings = {
				ASSETCATALOG_COMPILER_APPICON_NAME = AppIcon;
				ASSETCATALOG_COMPILER_GLOBAL_ACCENT_COLOR_NAME = AccentColor;
				CODE_SIGN_STYLE = Automatic;
				CURRENT_PROJECT_VERSION = 1;
				DEVELOPMENT_TEAM = SKC6L8KZ5R;
				GENERATE_INFOPLIST_FILE = YES;
				INFOPLIST_FILE = ImageSearchApp/Info.plist;
				INFOPLIST_KEY_UIApplicationSupportsIndirectInputEvents = YES;
				INFOPLIST_KEY_UILaunchStoryboardName = LaunchScreen;
				INFOPLIST_KEY_UISupportedInterfaceOrientations_iPad = "UIInterfaceOrientationPortrait UIInterfaceOrientationPortraitUpsideDown UIInterfaceOrientationLandscapeLeft UIInterfaceOrientationLandscapeRight";
				INFOPLIST_KEY_UISupportedInterfaceOrientations_iPhone = "UIInterfaceOrientationPortrait UIInterfaceOrientationLandscapeLeft UIInterfaceOrientationLandscapeRight";
				LD_RUNPATH_SEARCH_PATHS = (
					"$(inherited)",
					"@executable_path/Frameworks",
				);
				MARKETING_VERSION = 1.0;
				PRODUCT_BUNDLE_IDENTIFIER = AnnaVertikova.ImageSearchApp;
				PRODUCT_NAME = "$(TARGET_NAME)";
				SUPPORTED_PLATFORMS = "iphoneos iphonesimulator";
				SUPPORTS_MACCATALYST = NO;
				SUPPORTS_MAC_DESIGNED_FOR_IPHONE_IPAD = NO;
				SUPPORTS_XR_DESIGNED_FOR_IPHONE_IPAD = NO;
				SWIFT_EMIT_LOC_STRINGS = YES;
				SWIFT_VERSION = 5.0;
				TARGETED_DEVICE_FAMILY = 1;
			};
			name = Debug;
		};
		EBA5340D2C2142AF00C4093A /* Release */ = {
			isa = XCBuildConfiguration;
			buildSettings = {
				ASSETCATALOG_COMPILER_APPICON_NAME = AppIcon;
				ASSETCATALOG_COMPILER_GLOBAL_ACCENT_COLOR_NAME = AccentColor;
				CODE_SIGN_STYLE = Automatic;
				CURRENT_PROJECT_VERSION = 1;
				DEVELOPMENT_TEAM = SKC6L8KZ5R;
				GENERATE_INFOPLIST_FILE = YES;
				INFOPLIST_FILE = ImageSearchApp/Info.plist;
				INFOPLIST_KEY_UIApplicationSupportsIndirectInputEvents = YES;
				INFOPLIST_KEY_UILaunchStoryboardName = LaunchScreen;
				INFOPLIST_KEY_UISupportedInterfaceOrientations_iPad = "UIInterfaceOrientationPortrait UIInterfaceOrientationPortraitUpsideDown UIInterfaceOrientationLandscapeLeft UIInterfaceOrientationLandscapeRight";
				INFOPLIST_KEY_UISupportedInterfaceOrientations_iPhone = "UIInterfaceOrientationPortrait UIInterfaceOrientationLandscapeLeft UIInterfaceOrientationLandscapeRight";
				LD_RUNPATH_SEARCH_PATHS = (
					"$(inherited)",
					"@executable_path/Frameworks",
				);
				MARKETING_VERSION = 1.0;
				PRODUCT_BUNDLE_IDENTIFIER = AnnaVertikova.ImageSearchApp;
				PRODUCT_NAME = "$(TARGET_NAME)";
				SUPPORTED_PLATFORMS = "iphoneos iphonesimulator";
				SUPPORTS_MACCATALYST = NO;
				SUPPORTS_MAC_DESIGNED_FOR_IPHONE_IPAD = NO;
				SUPPORTS_XR_DESIGNED_FOR_IPHONE_IPAD = NO;
				SWIFT_EMIT_LOC_STRINGS = YES;
				SWIFT_VERSION = 5.0;
				TARGETED_DEVICE_FAMILY = 1;
			};
			name = Release;
		};
/* End XCBuildConfiguration section */

/* Begin XCConfigurationList section */
		EBA533EF2C2142AE00C4093A /* Build configuration list for PBXProject "ImageSearchApp" */ = {
			isa = XCConfigurationList;
			buildConfigurations = (
				EBA534092C2142AF00C4093A /* Debug */,
				EBA5340A2C2142AF00C4093A /* Release */,
			);
			defaultConfigurationIsVisible = 0;
			defaultConfigurationName = Release;
		};
		EBA5340B2C2142AF00C4093A /* Build configuration list for PBXNativeTarget "ImageSearchApp" */ = {
			isa = XCConfigurationList;
			buildConfigurations = (
				EBA5340C2C2142AF00C4093A /* Debug */,
				EBA5340D2C2142AF00C4093A /* Release */,
			);
			defaultConfigurationIsVisible = 0;
			defaultConfigurationName = Release;
		};
/* End XCConfigurationList section */

/* Begin XCVersionGroup section */
		EBA534002C2142AE00C4093A /* ImageSearchApp.xcdatamodeld */ = {
			isa = XCVersionGroup;
			children = (
				EBA534012C2142AE00C4093A /* ImageSearchApp.xcdatamodel */,
			);
			currentVersion = EBA534012C2142AE00C4093A /* ImageSearchApp.xcdatamodel */;
			path = ImageSearchApp.xcdatamodeld;
			sourceTree = "<group>";
			versionGroupType = wrapper.xcdatamodel;
		};
/* End XCVersionGroup section */
	};
	rootObject = EBA533EC2C2142AE00C4093A /* Project object */;
}
